
Microsoft Visual Studio Solution File, Format Version 12.00
# Visual Studio 15
VisualStudioVersion = 15.0.27703.2026
MinimumVisualStudioVersion = 10.0.40219.1
Project("{FAE04EC0-301F-11D3-BF4B-00C04F79EFBC}") = "1.ValueTuples", "ValueTuples\1.ValueTuples.csproj", "{F3080587-B5CD-48C8-8AE3-49B5715174D8}"
EndProject
Project("{FAE04EC0-301F-11D3-BF4B-00C04F79EFBC}") = "2.AsyncMain", "AsyncMain\2.AsyncMain.csproj", "{D47D8F89-DAB3-459E-A339-DEBE8147EF60}"
EndProject
Global
	GlobalSection(SolutionConfigurationPlatforms) = preSolution
		Debug|Any CPU = Debug|Any CPU
		Release|Any CPU = Release|Any CPU
	EndGlobalSection
	GlobalSection(ProjectConfigurationPlatforms) = postSolution
		{F3080587-B5CD-48C8-8AE3-49B5715174D8}.Debug|Any CPU.ActiveCfg = Debug|Any CPU
		{F3080587-B5CD-48C8-8AE3-49B5715174D8}.Debug|Any CPU.Build.0 = Debug|Any CPU
		{F3080587-B5CD-48C8-8AE3-49B5715174D8}.Release|Any CPU.ActiveCfg = Release|Any CPU
		{F3080587-B5CD-48C8-8AE3-49B5715174D8}.Release|Any CPU.Build.0 = Release|Any CPU
		{D47D8F89-DAB3-459E-A339-DEBE8147EF60}.Debug|Any CPU.ActiveCfg = Debug|Any CPU
		{D47D8F89-DAB3-459E-A339-DEBE8147EF60}.Debug|Any CPU.Build.0 = Debug|Any CPU
		{D47D8F89-DAB3-459E-A339-DEBE8147EF60}.Release|Any CPU.ActiveCfg = Release|Any CPU
		{D47D8F89-DAB3-459E-A339-DEBE8147EF60}.Release|Any CPU.Build.0 = Release|Any CPU
	EndGlobalSection
	GlobalSection(SolutionProperties) = preSolution
		HideSolutionNode = FALSE
	EndGlobalSection
	GlobalSection(ExtensibilityGlobals) = postSolution
		SolutionGuid = {E7049C92-9137-4A1A-87FB-E3F6C6E1B057}
	EndGlobalSection
EndGlobal
